
Microsoft Visual Studio Solution File, Format Version 12.00
# Visual Studio Version 16
VisualStudioVersion = 16.0.32413.511
MinimumVisualStudioVersion = 10.0.40219.1
Project("{FAE04EC0-301F-11D3-BF4B-00C04F79EFBC}") = "8 Lumberjacks Eat Flapjacks", "8 Lumberjacks Eat Flapjacks.csproj", "{AA2F1BF9-DB8F-4E1B-996C-A282B501FBFB}"
EndProject
Global
	GlobalSection(SolutionConfigurationPlatforms) = preSolution
		Debug|Any CPU = Debug|Any CPU
		Release|Any CPU = Release|Any CPU
	EndGlobalSection
	GlobalSection(ProjectConfigurationPlatforms) = postSolution
		{AA2F1BF9-DB8F-4E1B-996C-A282B501FBFB}.Debug|Any CPU.ActiveCfg = Debug|Any CPU
		{AA2F1BF9-DB8F-4E1B-996C-A282B501FBFB}.Debug|Any CPU.Build.0 = Debug|Any CPU
		{AA2F1BF9-DB8F-4E1B-996C-A282B501FBFB}.Release|Any CPU.ActiveCfg = Release|Any CPU
		{AA2F1BF9-DB8F-4E1B-996C-A282B501FBFB}.Release|Any CPU.Build.0 = Release|Any CPU
	EndGlobalSection
	GlobalSection(SolutionProperties) = preSolution
		HideSolutionNode = FALSE
	EndGlobalSection
	GlobalSection(ExtensibilityGlobals) = postSolution
		SolutionGuid = {626F41EE-8748-4F47-8489-89E8E2F54079}
	EndGlobalSection
EndGlobal
